// !$*UTF8*$!
{
	archiveVersion = 1;
	classes = {
	};
	objectVersion = 46;
	objects = {

/* Begin PBXBuildFile section */
		3A72F4440F377BAF64119917 /* Pods_ixLoc.framework in Frameworks */ = {isa = PBXBuildFile; fileRef = 901B5E8321B85C53FC3740C4 /* Pods_ixLoc.framework */; };
		B82D774E1F13BF9D0013BFF9 /* Activity.swift in Sources */ = {isa = PBXBuildFile; fileRef = B82D774D1F13BF9D0013BFF9 /* Activity.swift */; };
		B82D77501F1504020013BFF9 /* GoogleService-Info.plist in Resources */ = {isa = PBXBuildFile; fileRef = B82D774F1F1504020013BFF9 /* GoogleService-Info.plist */; };
		B83D551E1F0D15A300E2481A /* AddActivityDelegate.swift in Sources */ = {isa = PBXBuildFile; fileRef = B83D551D1F0D15A300E2481A /* AddActivityDelegate.swift */; };
		B83E86E51F0E7F650005F4F0 /* ActivityTableViewCell.swift in Sources */ = {isa = PBXBuildFile; fileRef = B83E86E41F0E7F650005F4F0 /* ActivityTableViewCell.swift */; };
		B87025E11F0BD0E40024E301 /* AppDelegate.swift in Sources */ = {isa = PBXBuildFile; fileRef = B87025E01F0BD0E40024E301 /* AppDelegate.swift */; };
		B87025E31F0BD0E40024E301 /* MapViewController.swift in Sources */ = {isa = PBXBuildFile; fileRef = B87025E21F0BD0E40024E301 /* MapViewController.swift */; };
		B87025E61F0BD0E40024E301 /* Main.storyboard in Resources */ = {isa = PBXBuildFile; fileRef = B87025E41F0BD0E40024E301 /* Main.storyboard */; };
		B87025E81F0BD0E40024E301 /* Assets.xcassets in Resources */ = {isa = PBXBuildFile; fileRef = B87025E71F0BD0E40024E301 /* Assets.xcassets */; };
		B87025EB1F0BD0E40024E301 /* LaunchScreen.storyboard in Resources */ = {isa = PBXBuildFile; fileRef = B87025E91F0BD0E40024E301 /* LaunchScreen.storyboard */; };
		B87025F31F0BD4630024E301 /* ActivityTableViewController.swift in Sources */ = {isa = PBXBuildFile; fileRef = B87025F21F0BD4630024E301 /* ActivityTableViewController.swift */; };
		B87025F51F0BD5980024E301 /* ActivityDto.swift in Sources */ = {isa = PBXBuildFile; fileRef = B87025F41F0BD5980024E301 /* ActivityDto.swift */; };
		B87025F71F0BDF010024E301 /* AddActivityViewController.swift in Sources */ = {isa = PBXBuildFile; fileRef = B87025F61F0BDF010024E301 /* AddActivityViewController.swift */; };
/* End PBXBuildFile section */

/* Begin PBXFileReference section */
		3A8E63D85456BF174894E5F0 /* Pods-ixLoc.release.xcconfig */ = {isa = PBXFileReference; includeInIndex = 1; lastKnownFileType = text.xcconfig; name = "Pods-ixLoc.release.xcconfig"; path = "Pods/Target Support Files/Pods-ixLoc/Pods-ixLoc.release.xcconfig"; sourceTree = "<group>"; };
		901B5E8321B85C53FC3740C4 /* Pods_ixLoc.framework */ = {isa = PBXFileReference; explicitFileType = wrapper.framework; includeInIndex = 0; path = Pods_ixLoc.framework; sourceTree = BUILT_PRODUCTS_DIR; };
		A5D2A1171680A71CD1C2F583 /* Pods-ixLoc.debug.xcconfig */ = {isa = PBXFileReference; includeInIndex = 1; lastKnownFileType = text.xcconfig; name = "Pods-ixLoc.debug.xcconfig"; path = "Pods/Target Support Files/Pods-ixLoc/Pods-ixLoc.debug.xcconfig"; sourceTree = "<group>"; };
		B82D774D1F13BF9D0013BFF9 /* Activity.swift */ = {isa = PBXFileReference; fileEncoding = 4; lastKnownFileType = sourcecode.swift; path = Activity.swift; sourceTree = "<group>"; };
		B82D774F1F1504020013BFF9 /* GoogleService-Info.plist */ = {isa = PBXFileReference; fileEncoding = 4; lastKnownFileType = text.plist.xml; path = "GoogleService-Info.plist"; sourceTree = "<group>"; };
		B83D551D1F0D15A300E2481A /* AddActivityDelegate.swift */ = {isa = PBXFileReference; fileEncoding = 4; lastKnownFileType = sourcecode.swift; path = AddActivityDelegate.swift; sourceTree = "<group>"; };
		B83E86E41F0E7F650005F4F0 /* ActivityTableViewCell.swift */ = {isa = PBXFileReference; fileEncoding = 4; lastKnownFileType = sourcecode.swift; path = ActivityTableViewCell.swift; sourceTree = "<group>"; };
		B87025DD1F0BD0E40024E301 /* ixLoc.app */ = {isa = PBXFileReference; explicitFileType = wrapper.application; includeInIndex = 0; path = ixLoc.app; sourceTree = BUILT_PRODUCTS_DIR; };
		B87025E01F0BD0E40024E301 /* AppDelegate.swift */ = {isa = PBXFileReference; lastKnownFileType = sourcecode.swift; path = AppDelegate.swift; sourceTree = "<group>"; };
		B87025E21F0BD0E40024E301 /* MapViewController.swift */ = {isa = PBXFileReference; lastKnownFileType = sourcecode.swift; path = MapViewController.swift; sourceTree = "<group>"; };
		B87025E51F0BD0E40024E301 /* Base */ = {isa = PBXFileReference; lastKnownFileType = file.storyboard; name = Base; path = Base.lproj/Main.storyboard; sourceTree = "<group>"; };
		B87025E71F0BD0E40024E301 /* Assets.xcassets */ = {isa = PBXFileReference; lastKnownFileType = folder.assetcatalog; path = Assets.xcassets; sourceTree = "<group>"; };
		B87025EA1F0BD0E40024E301 /* Base */ = {isa = PBXFileReference; lastKnownFileType = file.storyboard; name = Base; path = Base.lproj/LaunchScreen.storyboard; sourceTree = "<group>"; };
		B87025EC1F0BD0E40024E301 /* Info.plist */ = {isa = PBXFileReference; lastKnownFileType = text.plist.xml; path = Info.plist; sourceTree = "<group>"; };
		B87025F21F0BD4630024E301 /* ActivityTableViewController.swift */ = {isa = PBXFileReference; fileEncoding = 4; lastKnownFileType = sourcecode.swift; path = ActivityTableViewController.swift; sourceTree = "<group>"; };
		B87025F41F0BD5980024E301 /* ActivityDto.swift */ = {isa = PBXFileReference; fileEncoding = 4; lastKnownFileType = sourcecode.swift; path = ActivityDto.swift; sourceTree = "<group>"; };
		B87025F61F0BDF010024E301 /* AddActivityViewController.swift */ = {isa = PBXFileReference; fileEncoding = 4; lastKnownFileType = sourcecode.swift; path = AddActivityViewController.swift; sourceTree = "<group>"; };
/* End PBXFileReference section */

/* Begin PBXFrameworksBuildPhase section */
		B87025DA1F0BD0E40024E301 /* Frameworks */ = {
			isa = PBXFrameworksBuildPhase;
			buildActionMask = 2147483647;
			files = (
				3A72F4440F377BAF64119917 /* Pods_ixLoc.framework in Frameworks */,
			);
			runOnlyForDeploymentPostprocessing = 0;
		};
/* End PBXFrameworksBuildPhase section */

/* Begin PBXGroup section */
		621190EF62EF5AEDFC0CB92E /* Pods */ = {
			isa = PBXGroup;
			children = (
				A5D2A1171680A71CD1C2F583 /* Pods-ixLoc.debug.xcconfig */,
				3A8E63D85456BF174894E5F0 /* Pods-ixLoc.release.xcconfig */,
			);
			name = Pods;
			sourceTree = "<group>";
		};
		869A1E6247F196885BD23DB3 /* Frameworks */ = {
			isa = PBXGroup;
			children = (
				901B5E8321B85C53FC3740C4 /* Pods_ixLoc.framework */,
			);
			name = Frameworks;
			sourceTree = "<group>";
		};
		B87025D41F0BD0E40024E301 = {
			isa = PBXGroup;
			children = (
				B87025DF1F0BD0E40024E301 /* ixLoc */,
				B87025DE1F0BD0E40024E301 /* Products */,
				621190EF62EF5AEDFC0CB92E /* Pods */,
				869A1E6247F196885BD23DB3 /* Frameworks */,
			);
			sourceTree = "<group>";
		};
		B87025DE1F0BD0E40024E301 /* Products */ = {
			isa = PBXGroup;
			children = (
				B87025DD1F0BD0E40024E301 /* ixLoc.app */,
			);
			name = Products;
			sourceTree = "<group>";
		};
		B87025DF1F0BD0E40024E301 /* ixLoc */ = {
			isa = PBXGroup;
			children = (
				B87025E01F0BD0E40024E301 /* AppDelegate.swift */,
				B87025E21F0BD0E40024E301 /* MapViewController.swift */,
				B87025E41F0BD0E40024E301 /* Main.storyboard */,
				B87025E71F0BD0E40024E301 /* Assets.xcassets */,
				B87025E91F0BD0E40024E301 /* LaunchScreen.storyboard */,
				B87025EC1F0BD0E40024E301 /* Info.plist */,
				B87025F21F0BD4630024E301 /* ActivityTableViewController.swift */,
				B87025F41F0BD5980024E301 /* ActivityDto.swift */,
				B87025F61F0BDF010024E301 /* AddActivityViewController.swift */,
				B83D551D1F0D15A300E2481A /* AddActivityDelegate.swift */,
				B83E86E41F0E7F650005F4F0 /* ActivityTableViewCell.swift */,
				B82D774D1F13BF9D0013BFF9 /* Activity.swift */,
				B82D774F1F1504020013BFF9 /* GoogleService-Info.plist */,
			);
			path = ixLoc;
			sourceTree = "<group>";
		};
/* End PBXGroup section */

/* Begin PBXNativeTarget section */
		B87025DC1F0BD0E40024E301 /* ixLoc */ = {
			isa = PBXNativeTarget;
			buildConfigurationList = B87025EF1F0BD0E40024E301 /* Build configuration list for PBXNativeTarget "ixLoc" */;
			buildPhases = (
				A44A8CBCCF2CE59255C04804 /* [CP] Check Pods Manifest.lock */,
				B87025D91F0BD0E40024E301 /* Sources */,
				B87025DA1F0BD0E40024E301 /* Frameworks */,
				B87025DB1F0BD0E40024E301 /* Resources */,
				D7131DEA5E445EFAB31E93EF /* [CP] Embed Pods Frameworks */,
				340939F91199B5ADA6921A88 /* [CP] Copy Pods Resources */,
			);
			buildRules = (
			);
			dependencies = (
			);
			name = ixLoc;
			productName = ixLoc;
			productReference = B87025DD1F0BD0E40024E301 /* ixLoc.app */;
			productType = "com.apple.product-type.application";
		};
/* End PBXNativeTarget section */

/* Begin PBXProject section */
		B87025D51F0BD0E40024E301 /* Project object */ = {
			isa = PBXProject;
			attributes = {
				LastSwiftUpdateCheck = 0830;
				LastUpgradeCheck = 0830;
				ORGANIZATIONNAME = "RBG Applications";
				TargetAttributes = {
					B87025DC1F0BD0E40024E301 = {
						CreatedOnToolsVersion = 8.3.3;
						DevelopmentTeam = 7JW7LM2822;
						ProvisioningStyle = Automatic;
					};
				};
			};
			buildConfigurationList = B87025D81F0BD0E40024E301 /* Build configuration list for PBXProject "ixLoc" */;
			compatibilityVersion = "Xcode 3.2";
			developmentRegion = English;
			hasScannedForEncodings = 0;
			knownRegions = (
				en,
				Base,
			);
			mainGroup = B87025D41F0BD0E40024E301;
			productRefGroup = B87025DE1F0BD0E40024E301 /* Products */;
			projectDirPath = "";
			projectRoot = "";
			targets = (
				B87025DC1F0BD0E40024E301 /* ixLoc */,
			);
		};
/* End PBXProject section */

/* Begin PBXResourcesBuildPhase section */
		B87025DB1F0BD0E40024E301 /* Resources */ = {
			isa = PBXResourcesBuildPhase;
			buildActionMask = 2147483647;
			files = (
				B87025EB1F0BD0E40024E301 /* LaunchScreen.storyboard in Resources */,
				B87025E81F0BD0E40024E301 /* Assets.xcassets in Resources */,
				B87025E61F0BD0E40024E301 /* Main.storyboard in Resources */,
				B82D77501F1504020013BFF9 /* GoogleService-Info.plist in Resources */,
			);
			runOnlyForDeploymentPostprocessing = 0;
		};
/* End PBXResourcesBuildPhase section */

/* Begin PBXShellScriptBuildPhase section */
		340939F91199B5ADA6921A88 /* [CP] Copy Pods Resources */ = {
			isa = PBXShellScriptBuildPhase;
			buildActionMask = 2147483647;
			files = (
			);
			inputPaths = (
			);
			name = "[CP] Copy Pods Resources";
			outputPaths = (
			);
			runOnlyForDeploymentPostprocessing = 0;
			shellPath = /bin/sh;
			shellScript = "\"${SRCROOT}/Pods/Target Support Files/Pods-ixLoc/Pods-ixLoc-resources.sh\"\n";
			showEnvVarsInLog = 0;
		};
		A44A8CBCCF2CE59255C04804 /* [CP] Check Pods Manifest.lock */ = {
			isa = PBXShellScriptBuildPhase;
			buildActionMask = 2147483647;
			files = (
			);
			inputPaths = (
			);
			name = "[CP] Check Pods Manifest.lock";
			outputPaths = (
			);
			runOnlyForDeploymentPostprocessing = 0;
			shellPath = /bin/sh;
			shellScript = "diff \"${PODS_PODFILE_DIR_PATH}/Podfile.lock\" \"${PODS_ROOT}/Manifest.lock\" > /dev/null\nif [ $? != 0 ] ; then\n    # print error to STDERR\n    echo \"error: The sandbox is not in sync with the Podfile.lock. Run 'pod install' or update your CocoaPods installation.\" >&2\n    exit 1\nfi\n";
			showEnvVarsInLog = 0;
		};
		D7131DEA5E445EFAB31E93EF /* [CP] Embed Pods Frameworks */ = {
			isa = PBXShellScriptBuildPhase;
			buildActionMask = 2147483647;
			files = (
			);
			inputPaths = (
			);
			name = "[CP] Embed Pods Frameworks";
			outputPaths = (
			);
			runOnlyForDeploymentPostprocessing = 0;
			shellPath = /bin/sh;
			shellScript = "\"${SRCROOT}/Pods/Target Support Files/Pods-ixLoc/Pods-ixLoc-frameworks.sh\"\n";
			showEnvVarsInLog = 0;
		};
/* End PBXShellScriptBuildPhase section */

/* Begin PBXSourcesBuildPhase section */
		B87025D91F0BD0E40024E301 /* Sources */ = {
			isa = PBXSourcesBuildPhase;
			buildActionMask = 2147483647;
			files = (
				B87025E31F0BD0E40024E301 /* MapViewController.swift in Sources */,
				B83D551E1F0D15A300E2481A /* AddActivityDelegate.swift in Sources */,
				B87025E11F0BD0E40024E301 /* AppDelegate.swift in Sources */,
				B87025F51F0BD5980024E301 /* ActivityDto.swift in Sources */,
				B83E86E51F0E7F650005F4F0 /* ActivityTableViewCell.swift in Sources */,
				B87025F71F0BDF010024E301 /* AddActivityViewController.swift in Sources */,
				B82D774E1F13BF9D0013BFF9 /* Activity.swift in Sources */,
				B87025F31F0BD4630024E301 /* ActivityTableViewController.swift in Sources */,
			);
			runOnlyForDeploymentPostprocessing = 0;
		};
/* End PBXSourcesBuildPhase section */

/* Begin PBXVariantGroup section */
		B87025E41F0BD0E40024E301 /* Main.storyboard */ = {
			isa = PBXVariantGroup;
			children = (
				B87025E51F0BD0E40024E301 /* Base */,
			);
			name = Main.storyboard;
			sourceTree = "<group>";
		};
		B87025E91F0BD0E40024E301 /* LaunchScreen.storyboard */ = {
			isa = PBXVariantGroup;
			children = (
				B87025EA1F0BD0E40024E301 /* Base */,
			);
			name = LaunchScreen.storyboard;
			sourceTree = "<group>";
		};
/* End PBXVariantGroup section */

/* Begin XCBuildConfiguration section */
		B87025ED1F0BD0E40024E301 /* Debug */ = {
			isa = XCBuildConfiguration;
			buildSettings = {
				ALWAYS_SEARCH_USER_PATHS = NO;
				CLANG_ANALYZER_NONNULL = YES;
				CLANG_ANALYZER_NUMBER_OBJECT_CONVERSION = YES_AGGRESSIVE;
				CLANG_CXX_LANGUAGE_STANDARD = "gnu++0x";
				CLANG_CXX_LIBRARY = "libc++";
				CLANG_ENABLE_MODULES = YES;
				CLANG_ENABLE_OBJC_ARC = YES;
				CLANG_WARN_BOOL_CONVERSION = YES;
				CLANG_WARN_CONSTANT_CONVERSION = YES;
				CLANG_WARN_DIRECT_OBJC_ISA_USAGE = YES_ERROR;
				CLANG_WARN_DOCUMENTATION_COMMENTS = YES;
				CLANG_WARN_EMPTY_BODY = YES;
				CLANG_WARN_ENUM_CONVERSION = YES;
				CLANG_WARN_INFINITE_RECURSION = YES;
				CLANG_WARN_INT_CONVERSION = YES;
				CLANG_WARN_OBJC_ROOT_CLASS = YES_ERROR;
				CLANG_WARN_SUSPICIOUS_MOVE = YES;
				CLANG_WARN_UNREACHABLE_CODE = YES;
				CLANG_WARN__DUPLICATE_METHOD_MATCH = YES;
				"CODE_SIGN_IDENTITY[sdk=iphoneos*]" = "iPhone Developer";
				COPY_PHASE_STRIP = NO;
				DEBUG_INFORMATION_FORMAT = dwarf;
				ENABLE_STRICT_OBJC_MSGSEND = YES;
				ENABLE_TESTABILITY = YES;
				GCC_C_LANGUAGE_STANDARD = gnu99;
				GCC_DYNAMIC_NO_PIC = NO;
				GCC_NO_COMMON_BLOCKS = YES;
				GCC_OPTIMIZATION_LEVEL = 0;
				GCC_PREPROCESSOR_DEFINITIONS = (
					"DEBUG=1",
					"$(inherited)",
				);
				GCC_WARN_64_TO_32_BIT_CONVERSION = YES;
				GCC_WARN_ABOUT_RETURN_TYPE = YES_ERROR;
				GCC_WARN_UNDECLARED_SELECTOR = YES;
				GCC_WARN_UNINITIALIZED_AUTOS = YES_AGGRESSIVE;
				GCC_WARN_UNUSED_FUNCTION = YES;
				GCC_WARN_UNUSED_VARIABLE = YES;
				IPHONEOS_DEPLOYMENT_TARGET = 10.3;
				MTL_ENABLE_DEBUG_INFO = YES;
				ONLY_ACTIVE_ARCH = YES;
				SDKROOT = iphoneos;
				SWIFT_ACTIVE_COMPILATION_CONDITIONS = DEBUG;
				SWIFT_OPTIMIZATION_LEVEL = "-Onone";
				TARGETED_DEVICE_FAMILY = "1,2";
			};
			name = Debug;
		};
		B87025EE1F0BD0E40024E301 /* Release */ = {
			isa = XCBuildConfiguration;
			buildSettings = {
				ALWAYS_SEARCH_USER_PATHS = NO;
				CLANG_ANALYZER_NONNULL = YES;
				CLANG_ANALYZER_NUMBER_OBJECT_CONVERSION = YES_AGGRESSIVE;
				CLANG_CXX_LANGUAGE_STANDARD = "gnu++0x";
				CLANG_CXX_LIBRARY = "libc++";
				CLANG_ENABLE_MODULES = YES;
				CLANG_ENABLE_OBJC_ARC = YES;
				CLANG_WARN_BOOL_CONVERSION = YES;
				CLANG_WARN_CONSTANT_CONVERSION = YES;
				CLANG_WARN_DIRECT_OBJC_ISA_USAGE = YES_ERROR;
				CLANG_WARN_DOCUMENTATION_COMMENTS = YES;
				CLANG_WARN_EMPTY_BODY = YES;
				CLANG_WARN_ENUM_CONVERSION = YES;
				CLANG_WARN_INFINITE_RECURSION = YES;
				CLANG_WARN_INT_CONVERSION = YES;
				CLANG_WARN_OBJC_ROOT_CLASS = YES_ERROR;
				CLANG_WARN_SUSPICIOUS_MOVE = YES;
				CLANG_WARN_UNREACHABLE_CODE = YES;
				CLANG_WARN__DUPLICATE_METHOD_MATCH = YES;
				"CODE_SIGN_IDENTITY[sdk=iphoneos*]" = "iPhone Developer";
				COPY_PHASE_STRIP = NO;
				DEBUG_INFORMATION_FORMAT = "dwarf-with-dsym";
				ENABLE_NS_ASSERTIONS = NO;
				ENABLE_STRICT_OBJC_MSGSEND = YES;
				GCC_C_LANGUAGE_STANDARD = gnu99;
				GCC_NO_COMMON_BLOCKS = YES;
				GCC_WARN_64_TO_32_BIT_CONVERSION = YES;
				GCC_WARN_ABOUT_RETURN_TYPE = YES_ERROR;
				GCC_WARN_UNDECLARED_SELECTOR = YES;
				GCC_WARN_UNINITIALIZED_AUTOS = YES_AGGRESSIVE;
				GCC_WARN_UNUSED_FUNCTION = YES;
				GCC_WARN_UNUSED_VARIABLE = YES;
				IPHONEOS_DEPLOYMENT_TARGET = 10.3;
				MTL_ENABLE_DEBUG_INFO = NO;
				SDKROOT = iphoneos;
				SWIFT_OPTIMIZATION_LEVEL = "-Owholemodule";
				TARGETED_DEVICE_FAMILY = "1,2";
				VALIDATE_PRODUCT = YES;
			};
			name = Release;
		};
		B87025F01F0BD0E40024E301 /* Debug */ = {
			isa = XCBuildConfiguration;
			baseConfigurationReference = A5D2A1171680A71CD1C2F583 /* Pods-ixLoc.debug.xcconfig */;
			buildSettings = {
				ASSETCATALOG_COMPILER_APPICON_NAME = AppIcon;
				DEVELOPMENT_TEAM = 7JW7LM2822;
				INFOPLIST_FILE = ixLoc/Info.plist;
				LD_RUNPATH_SEARCH_PATHS = "$(inherited) @executable_path/Frameworks";
				PRODUCT_BUNDLE_IDENTIFIER = com.rbgapps.ixLoc;
				PRODUCT_NAME = "$(TARGET_NAME)";
				SWIFT_VERSION = 3.0;
			};
			name = Debug;
		};
		B87025F11F0BD0E40024E301 /* Release */ = {
			isa = XCBuildConfiguration;
			baseConfigurationReference = 3A8E63D85456BF174894E5F0 /* Pods-ixLoc.release.xcconfig */;
			buildSettings = {
				ASSETCATALOG_COMPILER_APPICON_NAME = AppIcon;
				DEVELOPMENT_TEAM = 7JW7LM2822;
				INFOPLIST_FILE = ixLoc/Info.plist;
				LD_RUNPATH_SEARCH_PATHS = "$(inherited) @executable_path/Frameworks";
				PRODUCT_BUNDLE_IDENTIFIER = com.rbgapps.ixLoc;
				PRODUCT_NAME = "$(TARGET_NAME)";
				SWIFT_VERSION = 3.0;
			};
			name = Release;
		};
/* End XCBuildConfiguration section */

/* Begin XCConfigurationList section */
		B87025D81F0BD0E40024E301 /* Build configuration list for PBXProject "ixLoc" */ = {
			isa = XCConfigurationList;
			buildConfigurations = (
				B87025ED1F0BD0E40024E301 /* Debug */,
				B87025EE1F0BD0E40024E301 /* Release */,
			);
			defaultConfigurationIsVisible = 0;
			defaultConfigurationName = Release;
		};
		B87025EF1F0BD0E40024E301 /* Build configuration list for PBXNativeTarget "ixLoc" */ = {
			isa = XCConfigurationList;
			buildConfigurations = (
				B87025F01F0BD0E40024E301 /* Debug */,
				B87025F11F0BD0E40024E301 /* Release */,
			);
			defaultConfigurationIsVisible = 0;
			defaultConfigurationName = Release;
		};
/* End XCConfigurationList section */
	};
	rootObject = B87025D51F0BD0E40024E301 /* Project object */;
}
